
Microsoft Visual Studio Solution File, Format Version 12.00
# Visual Studio Version 16
VisualStudioVersion = 16.0.31624.102
MinimumVisualStudioVersion = 10.0.40219.1
Project("{FAE04EC0-301F-11D3-BF4B-00C04F79EFBC}") = "ConsoleApp12", "ConsoleApp12.csproj", "{1573F62C-3452-456B-B94B-BE68B432C4A6}"
EndProject
Global
	GlobalSection(SolutionConfigurationPlatforms) = preSolution
		Debug|Any CPU = Debug|Any CPU
		Release|Any CPU = Release|Any CPU
	EndGlobalSection
	GlobalSection(ProjectConfigurationPlatforms) = postSolution
		{1573F62C-3452-456B-B94B-BE68B432C4A6}.Debug|Any CPU.ActiveCfg = Debug|Any CPU
		{1573F62C-3452-456B-B94B-BE68B432C4A6}.Debug|Any CPU.Build.0 = Debug|Any CPU
		{1573F62C-3452-456B-B94B-BE68B432C4A6}.Release|Any CPU.ActiveCfg = Release|Any CPU
		{1573F62C-3452-456B-B94B-BE68B432C4A6}.Release|Any CPU.Build.0 = Release|Any CPU
	EndGlobalSection
	GlobalSection(SolutionProperties) = preSolution
		HideSolutionNode = FALSE
	EndGlobalSection
	GlobalSection(ExtensibilityGlobals) = postSolution
		SolutionGuid = {E5580ABA-F78A-4847-B03D-8D53E1DE34CF}
	EndGlobalSection
EndGlobal
